
Microsoft Visual Studio Solution File, Format Version 12.00
# Visual Studio Version 17
VisualStudioVersion = 17.7.34031.279
MinimumVisualStudioVersion = 10.0.40219.1
Project("{9A19103F-16F7-4668-BE54-9A1E7A4F7556}") = "webapp", "webapp\webapp.csproj", "{179EDA38-5101-44A7-A78E-AFD81394430C}"
EndProject
Project("{FAE04EC0-301F-11D3-BF4B-00C04F79EFBC}") = "webtest", "webtest\webtest.csproj", "{80008A9C-2764-4440-B16A-68E07DC41C0E}"
EndProject
Global
	GlobalSection(SolutionConfigurationPlatforms) = preSolution
		Debug|Any CPU = Debug|Any CPU
		Release|Any CPU = Release|Any CPU
	EndGlobalSection
	GlobalSection(ProjectConfigurationPlatforms) = postSolution
		{179EDA38-5101-44A7-A78E-AFD81394430C}.Debug|Any CPU.ActiveCfg = Debug|Any CPU
		{179EDA38-5101-44A7-A78E-AFD81394430C}.Debug|Any CPU.Build.0 = Debug|Any CPU
		{179EDA38-5101-44A7-A78E-AFD81394430C}.Release|Any CPU.ActiveCfg = Release|Any CPU
		{179EDA38-5101-44A7-A78E-AFD81394430C}.Release|Any CPU.Build.0 = Release|Any CPU
		{80008A9C-2764-4440-B16A-68E07DC41C0E}.Debug|Any CPU.ActiveCfg = Debug|Any CPU
		{80008A9C-2764-4440-B16A-68E07DC41C0E}.Debug|Any CPU.Build.0 = Debug|Any CPU
		{80008A9C-2764-4440-B16A-68E07DC41C0E}.Release|Any CPU.ActiveCfg = Release|Any CPU
		{80008A9C-2764-4440-B16A-68E07DC41C0E}.Release|Any CPU.Build.0 = Release|Any CPU
	EndGlobalSection
	GlobalSection(SolutionProperties) = preSolution
		HideSolutionNode = FALSE
	EndGlobalSection
	GlobalSection(ExtensibilityGlobals) = postSolution
		SolutionGuid = {AF6403B3-B73F-4C5B-B7BA-891B872B0D55}
	EndGlobalSection
EndGlobal
